# THIS IS AN AUTOGENERATED FILE. DO NOT EDIT THIS FILE DIRECTLY.
# yarn lockfile v1


eta@^1.12.1:
  version "1.12.1"
  resolved "https://registry.yarnpkg.com/eta/-/eta-1.12.1.tgz#d985766591676c323f02dfc48a67539212745937"
  integrity sha512-H8npoci2J/7XiPnVcCVulBSPsTNGvGaINyMjQDU8AFqp9LGsEYS88g2CiU+d01Sg44WtX7o4nb8wUJ9vnI+tiA==
